
Microsoft Visual Studio Solution File, Format Version 12.00
# Visual Studio 14
VisualStudioVersion = 14.0.25123.0
MinimumVisualStudioVersion = 10.0.40219.1
Project("{FAE04EC0-301F-11D3-BF4B-00C04F79EFBC}") = "Overriding-TwoClasses", "Overriding-TwoClasses\Overriding-TwoClasses.csproj", "{BFD4D4EE-F355-4243-8E58-7D5F55E95D2C}"
EndProject
Global
	GlobalSection(SolutionConfigurationPlatforms) = preSolution
		Debug|Any CPU = Debug|Any CPU
		Release|Any CPU = Release|Any CPU
	EndGlobalSection
	GlobalSection(ProjectConfigurationPlatforms) = postSolution
		{BFD4D4EE-F355-4243-8E58-7D5F55E95D2C}.Debug|Any CPU.ActiveCfg = Debug|Any CPU
		{BFD4D4EE-F355-4243-8E58-7D5F55E95D2C}.Debug|Any CPU.Build.0 = Debug|Any CPU
		{BFD4D4EE-F355-4243-8E58-7D5F55E95D2C}.Release|Any CPU.ActiveCfg = Release|Any CPU
		{BFD4D4EE-F355-4243-8E58-7D5F55E95D2C}.Release|Any CPU.Build.0 = Release|Any CPU
	EndGlobalSection
	GlobalSection(SolutionProperties) = preSolution
		HideSolutionNode = FALSE
	EndGlobalSection
EndGlobal
